
Microsoft Visual Studio Solution File, Format Version 12.00
# Visual Studio Version 17
VisualStudioVersion = 17.8.34316.72
MinimumVisualStudioVersion = 10.0.40219.1
Project("{FAE04EC0-301F-11D3-BF4B-00C04F79EFBC}") = "ERP_INTECOLI", "ERP_INTECOLI\ERP_INTECOLI.csproj", "{845AC5B7-F133-48D3-AF0E-DBB584D84A16}"
EndProject
Project("{54435603-DBB4-11D2-8724-00A0C9A8B90C}") = "InstallERP_SUCCESS", "InstallERP_SUCCESS\InstallERP_SUCCESS.vdproj", "{7724F053-558A-4C95-9D39-98C6F5A40483}"
EndProject
Global
	GlobalSection(SolutionConfigurationPlatforms) = preSolution
		Debug|Any CPU = Debug|Any CPU
		Debug|x64 = Debug|x64
		Release|Any CPU = Release|Any CPU
		Release|x64 = Release|x64
	EndGlobalSection
	GlobalSection(ProjectConfigurationPlatforms) = postSolution
		{845AC5B7-F133-48D3-AF0E-DBB584D84A16}.Debug|Any CPU.ActiveCfg = Debug|Any CPU
		{845AC5B7-F133-48D3-AF0E-DBB584D84A16}.Debug|Any CPU.Build.0 = Debug|Any CPU
		{845AC5B7-F133-48D3-AF0E-DBB584D84A16}.Debug|x64.ActiveCfg = Debug|x64
		{845AC5B7-F133-48D3-AF0E-DBB584D84A16}.Debug|x64.Build.0 = Debug|x64
		{845AC5B7-F133-48D3-AF0E-DBB584D84A16}.Release|Any CPU.ActiveCfg = Release|Any CPU
		{845AC5B7-F133-48D3-AF0E-DBB584D84A16}.Release|Any CPU.Build.0 = Release|Any CPU
		{845AC5B7-F133-48D3-AF0E-DBB584D84A16}.Release|x64.ActiveCfg = Release|x64
		{845AC5B7-F133-48D3-AF0E-DBB584D84A16}.Release|x64.Build.0 = Release|x64
		{7724F053-558A-4C95-9D39-98C6F5A40483}.Debug|Any CPU.ActiveCfg = Debug
		{7724F053-558A-4C95-9D39-98C6F5A40483}.Debug|x64.ActiveCfg = Debug
		{7724F053-558A-4C95-9D39-98C6F5A40483}.Release|Any CPU.ActiveCfg = Release
		{7724F053-558A-4C95-9D39-98C6F5A40483}.Release|x64.ActiveCfg = Release
	EndGlobalSection
	GlobalSection(SolutionProperties) = preSolution
		HideSolutionNode = FALSE
	EndGlobalSection
	GlobalSection(ExtensibilityGlobals) = postSolution
		SolutionGuid = {3CFC6CBD-C8FE-482E-9CB3-C56B6BADA867}
	EndGlobalSection
EndGlobal
